// !$*UTF8*$!
{
	archiveVersion = 1;
	classes = {
	};
	objectVersion = 46;
	objects = {

/* Begin PBXBuildFile section */
		9127F1D11EEF42280092694B /* AppDelegate.swift in Sources */ = {isa = PBXBuildFile; fileRef = 9127F1D01EEF42280092694B /* AppDelegate.swift */; };
		9127F1D31EEF42280092694B /* ViewController.swift in Sources */ = {isa = PBXBuildFile; fileRef = 9127F1D21EEF42280092694B /* ViewController.swift */; };
		9127F1D61EEF42280092694B /* Main.storyboard in Resources */ = {isa = PBXBuildFile; fileRef = 9127F1D41EEF42280092694B /* Main.storyboard */; };
		9127F1D81EEF42280092694B /* Assets.xcassets in Resources */ = {isa = PBXBuildFile; fileRef = 9127F1D71EEF42280092694B /* Assets.xcassets */; };
		9127F1DB1EEF42280092694B /* LaunchScreen.storyboard in Resources */ = {isa = PBXBuildFile; fileRef = 9127F1D91EEF42280092694B /* LaunchScreen.storyboard */; };
/* End PBXBuildFile section */

/* Begin PBXFileReference section */
		9127F1CD1EEF42270092694B /* swift app.app */ = {isa = PBXFileReference; explicitFileType = wrapper.application; includeInIndex = 0; path = "swift app.app"; sourceTree = BUILT_PRODUCTS_DIR; };
		9127F1D01EEF42280092694B /* AppDelegate.swift */ = {isa = PBXFileReference; lastKnownFileType = sourcecode.swift; path = AppDelegate.swift; sourceTree = "<group>"; };
		9127F1D21EEF42280092694B /* ViewController.swift */ = {isa = PBXFileReference; lastKnownFileType = sourcecode.swift; path = ViewController.swift; sourceTree = "<group>"; };
		9127F1D51EEF42280092694B /* Base */ = {isa = PBXFileReference; lastKnownFileType = file.storyboard; name = Base; path = Base.lproj/Main.storyboard; sourceTree = "<group>"; };
		9127F1D71EEF42280092694B /* Assets.xcassets */ = {isa = PBXFileReference; lastKnownFileType = folder.assetcatalog; path = Assets.xcassets; sourceTree = "<group>"; };
		9127F1DA1EEF42280092694B /* Base */ = {isa = PBXFileReference; lastKnownFileType = file.storyboard; name = Base; path = Base.lproj/LaunchScreen.storyboard; sourceTree = "<group>"; };
		9127F1DC1EEF42280092694B /* Info.plist */ = {isa = PBXFileReference; lastKnownFileType = text.plist.xml; path = Info.plist; sourceTree = "<group>"; };
/* End PBXFileReference section */

/* Begin PBXFrameworksBuildPhase section */
		9127F1CA1EEF42270092694B /* Frameworks */ = {
			isa = PBXFrameworksBuildPhase;
			buildActionMask = 2147483647;
			files = (
			);
			runOnlyForDeploymentPostprocessing = 0;
		};
/* End PBXFrameworksBuildPhase section */

/* Begin PBXGroup section */
		9127F1C41EEF42270092694B = {
			isa = PBXGroup;
			children = (
				9127F1CF1EEF42280092694B /* swift app */,
				9127F1CE1EEF42270092694B /* Products */,
			);
			sourceTree = "<group>";
		};
		9127F1CE1EEF42270092694B /* Products */ = {
			isa = PBXGroup;
			children = (
				9127F1CD1EEF42270092694B /* swift app.app */,
			);
			name = Products;
			sourceTree = "<group>";
		};
		9127F1CF1EEF42280092694B /* swift app */ = {
			isa = PBXGroup;
			children = (
				9127F1D01EEF42280092694B /* AppDelegate.swift */,
				9127F1D21EEF42280092694B /* ViewController.swift */,
				9127F1D41EEF42280092694B /* Main.storyboard */,
				9127F1D71EEF42280092694B /* Assets.xcassets */,
				9127F1D91EEF42280092694B /* LaunchScreen.storyboard */,
				9127F1DC1EEF42280092694B /* Info.plist */,
			);
			path = "swift app";
			sourceTree = "<group>";
		};
/* End PBXGroup section */

/* Begin PBXNativeTarget section */
		9127F1CC1EEF42270092694B /* swift app */ = {
			isa = PBXNativeTarget;
			buildConfigurationList = 9127F1DF1EEF42280092694B /* Build configuration list for PBXNativeTarget "swift app" */;
			buildPhases = (
				9127F1C91EEF42270092694B /* Sources */,
				9127F1CA1EEF42270092694B /* Frameworks */,
				9127F1CB1EEF42270092694B /* Resources */,
			);
			buildRules = (
			);
			dependencies = (
			);
			name = "swift app";
			productName = "swift app";
			productReference = 9127F1CD1EEF42270092694B /* swift app.app */;
			productType = "com.apple.product-type.application";
		};
/* End PBXNativeTarget section */

/* Begin PBXProject section */
		9127F1C51EEF42270092694B /* Project object */ = {
			isa = PBXProject;
			attributes = {
				LastSwiftUpdateCheck = 0730;
				LastUpgradeCheck = 0730;
				ORGANIZATIONNAME = "skipper johnson";
				TargetAttributes = {
					9127F1CC1EEF42270092694B = {
						CreatedOnToolsVersion = 7.3.1;
					};
				};
			};
			buildConfigurationList = 9127F1C81EEF42270092694B /* Build configuration list for PBXProject "swift app" */;
			compatibilityVersion = "Xcode 3.2";
			developmentRegion = English;
			hasScannedForEncodings = 0;
			knownRegions = (
				en,
				Base,
			);
			mainGroup = 9127F1C41EEF42270092694B;
			productRefGroup = 9127F1CE1EEF42270092694B /* Products */;
			projectDirPath = "";
			projectRoot = "";
			targets = (
				9127F1CC1EEF42270092694B /* swift app */,
			);
		};
/* End PBXProject section */

/* Begin PBXResourcesBuildPhase section */
		9127F1CB1EEF42270092694B /* Resources */ = {
			isa = PBXResourcesBuildPhase;
			buildActionMask = 2147483647;
			files = (
				9127F1DB1EEF42280092694B /* LaunchScreen.storyboard in Resources */,
				9127F1D81EEF42280092694B /* Assets.xcassets in Resources */,
				9127F1D61EEF42280092694B /* Main.storyboard in Resources */,
			);
			runOnlyForDeploymentPostprocessing = 0;
		};
/* End PBXResourcesBuildPhase section */

/* Begin PBXSourcesBuildPhase section */
		9127F1C91EEF42270092694B /* Sources */ = {
			isa = PBXSourcesBuildPhase;
			buildActionMask = 2147483647;
			files = (
				9127F1D31EEF42280092694B /* ViewController.swift in Sources */,
				9127F1D11EEF42280092694B /* AppDelegate.swift in Sources */,
			);
			runOnlyForDeploymentPostprocessing = 0;
		};
/* End PBXSourcesBuildPhase section */

/* Begin PBXVariantGroup section */
		9127F1D41EEF42280092694B /* Main.storyboard */ = {
			isa = PBXVariantGroup;
			children = (
				9127F1D51EEF42280092694B /* Base */,
			);
			name = Main.storyboard;
			sourceTree = "<group>";
		};
		9127F1D91EEF42280092694B /* LaunchScreen.storyboard */ = {
			isa = PBXVariantGroup;
			children = (
				9127F1DA1EEF42280092694B /* Base */,
			);
			name = LaunchScreen.storyboard;
			sourceTree = "<group>";
		};
/* End PBXVariantGroup section */

/* Begin XCBuildConfiguration section */
		9127F1DD1EEF42280092694B /* Debug */ = {
			isa = XCBuildConfiguration;
			buildSettings = {
				ALWAYS_SEARCH_USER_PATHS = NO;
				CLANG_ANALYZER_NONNULL = YES;
				CLANG_CXX_LANGUAGE_STANDARD = "gnu++0x";
				CLANG_CXX_LIBRARY = "libc++";
				CLANG_ENABLE_MODULES = YES;
				CLANG_ENABLE_OBJC_ARC = YES;
				CLANG_WARN_BOOL_CONVERSION = YES;
				CLANG_WARN_CONSTANT_CONVERSION = YES;
				CLANG_WARN_DIRECT_OBJC_ISA_USAGE = YES_ERROR;
				CLANG_WARN_EMPTY_BODY = YES;
				CLANG_WARN_ENUM_CONVERSION = YES;
				CLANG_WARN_INT_CONVERSION = YES;
				CLANG_WARN_OBJC_ROOT_CLASS = YES_ERROR;
				CLANG_WARN_UNREACHABLE_CODE = YES;
				CLANG_WARN__DUPLICATE_METHOD_MATCH = YES;
				"CODE_SIGN_IDENTITY[sdk=iphoneos*]" = "iPhone Developer";
				COPY_PHASE_STRIP = NO;
				DEBUG_INFORMATION_FORMAT = dwarf;
				ENABLE_STRICT_OBJC_MSGSEND = YES;
				ENABLE_TESTABILITY = YES;
				GCC_C_LANGUAGE_STANDARD = gnu99;
				GCC_DYNAMIC_NO_PIC = NO;
				GCC_NO_COMMON_BLOCKS = YES;
				GCC_OPTIMIZATION_LEVEL = 0;
				GCC_PREPROCESSOR_DEFINITIONS = (
					"DEBUG=1",
					"$(inherited)",
				);
				GCC_WARN_64_TO_32_BIT_CONVERSION = YES;
				GCC_WARN_ABOUT_RETURN_TYPE = YES_ERROR;
				GCC_WARN_UNDECLARED_SELECTOR = YES;
				GCC_WARN_UNINITIALIZED_AUTOS = YES_AGGRESSIVE;
				GCC_WARN_UNUSED_FUNCTION = YES;
				GCC_WARN_UNUSED_VARIABLE = YES;
				IPHONEOS_DEPLOYMENT_TARGET = 9.3;
				MTL_ENABLE_DEBUG_INFO = YES;
				ONLY_ACTIVE_ARCH = YES;
				SDKROOT = iphoneos;
				SWIFT_OPTIMIZATION_LEVEL = "-Onone";
				TARGETED_DEVICE_FAMILY = "1,2";
			};
			name = Debug;
		};
		9127F1DE1EEF42280092694B /* Release */ = {
			isa = XCBuildConfiguration;
			buildSettings = {
				ALWAYS_SEARCH_USER_PATHS = NO;
				CLANG_ANALYZER_NONNULL = YES;
				CLANG_CXX_LANGUAGE_STANDARD = "gnu++0x";
				CLANG_CXX_LIBRARY = "libc++";
				CLANG_ENABLE_MODULES = YES;
				CLANG_ENABLE_OBJC_ARC = YES;
				CLANG_WARN_BOOL_CONVERSION = YES;
				CLANG_WARN_CONSTANT_CONVERSION = YES;
				CLANG_WARN_DIRECT_OBJC_ISA_USAGE = YES_ERROR;
				CLANG_WARN_EMPTY_BODY = YES;
				CLANG_WARN_ENUM_CONVERSION = YES;
				CLANG_WARN_INT_CONVERSION = YES;
				CLANG_WARN_OBJC_ROOT_CLASS = YES_ERROR;
				CLANG_WARN_UNREACHABLE_CODE = YES;
				CLANG_WARN__DUPLICATE_METHOD_MATCH = YES;
				"CODE_SIGN_IDENTITY[sdk=iphoneos*]" = "iPhone Developer";
				COPY_PHASE_STRIP = NO;
				DEBUG_INFORMATION_FORMAT = "dwarf-with-dsym";
				ENABLE_NS_ASSERTIONS = NO;
				ENABLE_STRICT_OBJC_MSGSEND = YES;
				GCC_C_LANGUAGE_STANDARD = gnu99;
				GCC_NO_COMMON_BLOCKS = YES;
				GCC_WARN_64_TO_32_BIT_CONVERSION = YES;
				GCC_WARN_ABOUT_RETURN_TYPE = YES_ERROR;
				GCC_WARN_UNDECLARED_SELECTOR = YES;
				GCC_WARN_UNINITIALIZED_AUTOS = YES_AGGRESSIVE;
				GCC_WARN_UNUSED_FUNCTION = YES;
				GCC_WARN_UNUSED_VARIABLE = YES;
				IPHONEOS_DEPLOYMENT_TARGET = 9.3;
				MTL_ENABLE_DEBUG_INFO = NO;
				SDKROOT = iphoneos;
				TARGETED_DEVICE_FAMILY = "1,2";
				VALIDATE_PRODUCT = YES;
			};
			name = Release;
		};
		9127F1E01EEF42280092694B /* Debug */ = {
			isa = XCBuildConfiguration;
			buildSettings = {
				ASSETCATALOG_COMPILER_APPICON_NAME = AppIcon;
				INFOPLIST_FILE = "swift app/Info.plist";
				LD_RUNPATH_SEARCH_PATHS = "$(inherited) @executable_path/Frameworks";
				PRODUCT_BUNDLE_IDENTIFIER = "mercymeproductions.swift-app";
				PRODUCT_NAME = "$(TARGET_NAME)";
			};
			name = Debug;
		};
		9127F1E11EEF42280092694B /* Release */ = {
			isa = XCBuildConfiguration;
			buildSettings = {
				ASSETCATALOG_COMPILER_APPICON_NAME = AppIcon;
				INFOPLIST_FILE = "swift app/Info.plist";
				LD_RUNPATH_SEARCH_PATHS = "$(inherited) @executable_path/Frameworks";
				PRODUCT_BUNDLE_IDENTIFIER = "mercymeproductions.swift-app";
				PRODUCT_NAME = "$(TARGET_NAME)";
			};
			name = Release;
		};
/* End XCBuildConfiguration section */

/* Begin XCConfigurationList section */
		9127F1C81EEF42270092694B /* Build configuration list for PBXProject "swift app" */ = {
			isa = XCConfigurationList;
			buildConfigurations = (
				9127F1DD1EEF42280092694B /* Debug */,
				9127F1DE1EEF42280092694B /* Release */,
			);
			defaultConfigurationIsVisible = 0;
			defaultConfigurationName = Release;
		};
		9127F1DF1EEF42280092694B /* Build configuration list for PBXNativeTarget "swift app" */ = {
			isa = XCConfigurationList;
			buildConfigurations = (
				9127F1E01EEF42280092694B /* Debug */,
				9127F1E11EEF42280092694B /* Release */,
			);
			defaultConfigurationIsVisible = 0;
		};
/* End XCConfigurationList section */
	};
	rootObject = 9127F1C51EEF42270092694B /* Project object */;
}
